
Microsoft Visual Studio Solution File, Format Version 12.00
# Visual Studio 15
VisualStudioVersion = 15.0.28307.1433
MinimumVisualStudioVersion = 10.0.40219.1
Project("{8BC9CEB8-8B4A-11D0-8D11-00A0C91BC942}") = "TCPSingleClinet", "TCPSingleClinet\TCPSingleClinet.vcxproj", "{A5314B54-C54F-487D-9E43-D13AB24D9714}"
EndProject
Global
	GlobalSection(SolutionConfigurationPlatforms) = preSolution
		Debug|x64 = Debug|x64
		Debug|x86 = Debug|x86
		Release|x64 = Release|x64
		Release|x86 = Release|x86
	EndGlobalSection
	GlobalSection(ProjectConfigurationPlatforms) = postSolution
		{A5314B54-C54F-487D-9E43-D13AB24D9714}.Debug|x64.ActiveCfg = Debug|x64
		{A5314B54-C54F-487D-9E43-D13AB24D9714}.Debug|x64.Build.0 = Debug|x64
		{A5314B54-C54F-487D-9E43-D13AB24D9714}.Debug|x86.ActiveCfg = Debug|Win32
		{A5314B54-C54F-487D-9E43-D13AB24D9714}.Debug|x86.Build.0 = Debug|Win32
		{A5314B54-C54F-487D-9E43-D13AB24D9714}.Release|x64.ActiveCfg = Release|x64
		{A5314B54-C54F-487D-9E43-D13AB24D9714}.Release|x64.Build.0 = Release|x64
		{A5314B54-C54F-487D-9E43-D13AB24D9714}.Release|x86.ActiveCfg = Release|Win32
		{A5314B54-C54F-487D-9E43-D13AB24D9714}.Release|x86.Build.0 = Release|Win32
	EndGlobalSection
	GlobalSection(SolutionProperties) = preSolution
		HideSolutionNode = FALSE
	EndGlobalSection
	GlobalSection(ExtensibilityGlobals) = postSolution
		SolutionGuid = {A6884D92-BA79-40A8-BEFA-4C0997ED0DAF}
	EndGlobalSection
EndGlobal
